# THIS IS AN AUTOGENERATED FILE. DO NOT EDIT THIS FILE DIRECTLY.
# yarn lockfile v1


sortablejs@^1.15.2:
  version "1.15.2"
  resolved "https://registry.yarnpkg.com/sortablejs/-/sortablejs-1.15.2.tgz#4e9f7bda4718bd1838add9f1866ec77169149809"
  integrity sha512-FJF5jgdfvoKn1MAKSdGs33bIqLi3LmsgVTliuX6iITj834F+JRQZN90Z93yql8h0K2t0RwDPBmxwlbZfDcxNZA==
